
Microsoft Visual Studio Solution File, Format Version 12.00
# Visual Studio 15
VisualStudioVersion = 15.0.27004.2002
MinimumVisualStudioVersion = 10.0.40219.1
Project("{FAE04EC0-301F-11D3-BF4B-00C04F79EFBC}") = "The Underground Tower", "The Underground Tower.csproj", "{8C787931-81F1-4F4E-B4F3-98AE9112C5D5}"
EndProject
Global
	GlobalSection(SolutionConfigurationPlatforms) = preSolution
		Debug|Any CPU = Debug|Any CPU
		Release|Any CPU = Release|Any CPU
	EndGlobalSection
	GlobalSection(ProjectConfigurationPlatforms) = postSolution
		{8C787931-81F1-4F4E-B4F3-98AE9112C5D5}.Debug|Any CPU.ActiveCfg = Debug|Any CPU
		{8C787931-81F1-4F4E-B4F3-98AE9112C5D5}.Debug|Any CPU.Build.0 = Debug|Any CPU
		{8C787931-81F1-4F4E-B4F3-98AE9112C5D5}.Release|Any CPU.ActiveCfg = Release|Any CPU
		{8C787931-81F1-4F4E-B4F3-98AE9112C5D5}.Release|Any CPU.Build.0 = Release|Any CPU
	EndGlobalSection
	GlobalSection(SolutionProperties) = preSolution
		HideSolutionNode = FALSE
	EndGlobalSection
	GlobalSection(ExtensibilityGlobals) = postSolution
		SolutionGuid = {C7A04399-5C24-4951-8D50-90AFE0F219FE}
	EndGlobalSection
EndGlobal
